
Microsoft Visual Studio Solution File, Format Version 12.00
# Visual Studio Version 17
VisualStudioVersion = 17.11.35222.181
MinimumVisualStudioVersion = 10.0.40219.1
Project("{FAE04EC0-301F-11D3-BF4B-00C04F79EFBC}") = "MachineLearning", "MachineLearning\MachineLearning.csproj", "{CAA716A1-5CC1-4B3E-A852-040A6A0ACCFA}"
EndProject
Global
	GlobalSection(SolutionConfigurationPlatforms) = preSolution
		Debug|Any CPU = Debug|Any CPU
		Release|Any CPU = Release|Any CPU
	EndGlobalSection
	GlobalSection(ProjectConfigurationPlatforms) = postSolution
		{CAA716A1-5CC1-4B3E-A852-040A6A0ACCFA}.Debug|Any CPU.ActiveCfg = Debug|Any CPU
		{CAA716A1-5CC1-4B3E-A852-040A6A0ACCFA}.Debug|Any CPU.Build.0 = Debug|Any CPU
		{CAA716A1-5CC1-4B3E-A852-040A6A0ACCFA}.Release|Any CPU.ActiveCfg = Release|Any CPU
		{CAA716A1-5CC1-4B3E-A852-040A6A0ACCFA}.Release|Any CPU.Build.0 = Release|Any CPU
	EndGlobalSection
	GlobalSection(SolutionProperties) = preSolution
		HideSolutionNode = FALSE
	EndGlobalSection
	GlobalSection(ExtensibilityGlobals) = postSolution
		SolutionGuid = {D6DB4AE0-3886-422E-A5AF-BB94CE92CA5B}
	EndGlobalSection
EndGlobal
